
Microsoft Visual Studio Solution File, Format Version 12.00
# Visual Studio Version 17
VisualStudioVersion = 17.5.002.0
MinimumVisualStudioVersion = 10.0.40219.1
Project("{9A19103F-16F7-4668-BE54-9A1E7A4F7556}") = "PlantManagerApi", "PlantManagerApi.csproj", "{04677C89-8F0C-4654-8EE3-FBE165409701}"
EndProject
Global
	GlobalSection(SolutionConfigurationPlatforms) = preSolution
		Debug|Any CPU = Debug|Any CPU
		Release|Any CPU = Release|Any CPU
	EndGlobalSection
	GlobalSection(ProjectConfigurationPlatforms) = postSolution
		{04677C89-8F0C-4654-8EE3-FBE165409701}.Debug|Any CPU.ActiveCfg = Debug|Any CPU
		{04677C89-8F0C-4654-8EE3-FBE165409701}.Debug|Any CPU.Build.0 = Debug|Any CPU
		{04677C89-8F0C-4654-8EE3-FBE165409701}.Release|Any CPU.ActiveCfg = Release|Any CPU
		{04677C89-8F0C-4654-8EE3-FBE165409701}.Release|Any CPU.Build.0 = Release|Any CPU
	EndGlobalSection
	GlobalSection(SolutionProperties) = preSolution
		HideSolutionNode = FALSE
	EndGlobalSection
	GlobalSection(ExtensibilityGlobals) = postSolution
		SolutionGuid = {49875015-0E92-46A4-B5A0-95CE6DE24670}
	EndGlobalSection
EndGlobal
